
Microsoft Visual Studio Solution File, Format Version 12.00
# Visual Studio Version 17
VisualStudioVersion = 17.4.33213.308
MinimumVisualStudioVersion = 10.0.40219.1
Project("{FAE04EC0-301F-11D3-BF4B-00C04F79EFBC}") = "pavuk", "pavuk.csproj", "{2A062CE1-D4D0-4352-BD9C-6B5D105B0BAF}"
EndProject
Global
	GlobalSection(SolutionConfigurationPlatforms) = preSolution
		Debug|Any CPU = Debug|Any CPU
		Release|Any CPU = Release|Any CPU
	EndGlobalSection
	GlobalSection(ProjectConfigurationPlatforms) = postSolution
		{2A062CE1-D4D0-4352-BD9C-6B5D105B0BAF}.Debug|Any CPU.ActiveCfg = Debug|Any CPU
		{2A062CE1-D4D0-4352-BD9C-6B5D105B0BAF}.Debug|Any CPU.Build.0 = Debug|Any CPU
		{2A062CE1-D4D0-4352-BD9C-6B5D105B0BAF}.Release|Any CPU.ActiveCfg = Release|Any CPU
		{2A062CE1-D4D0-4352-BD9C-6B5D105B0BAF}.Release|Any CPU.Build.0 = Release|Any CPU
	EndGlobalSection
	GlobalSection(SolutionProperties) = preSolution
		HideSolutionNode = FALSE
	EndGlobalSection
	GlobalSection(ExtensibilityGlobals) = postSolution
		SolutionGuid = {B6A1A264-9E82-42B0-9FD7-1C12C6EDA206}
	EndGlobalSection
EndGlobal
